
Microsoft Visual Studio Solution File, Format Version 12.00
# Visual Studio Version 17
VisualStudioVersion = 17.4.33213.308
MinimumVisualStudioVersion = 10.0.40219.1
Project("{FAE04EC0-301F-11D3-BF4B-00C04F79EFBC}") = "TriangleDraw", "TriangleDraw.csproj", "{493C908C-8A6F-430F-ACB3-63FF6229055A}"
EndProject
Global
	GlobalSection(SolutionConfigurationPlatforms) = preSolution
		Debug|Any CPU = Debug|Any CPU
		Release|Any CPU = Release|Any CPU
	EndGlobalSection
	GlobalSection(ProjectConfigurationPlatforms) = postSolution
		{493C908C-8A6F-430F-ACB3-63FF6229055A}.Debug|Any CPU.ActiveCfg = Debug|Any CPU
		{493C908C-8A6F-430F-ACB3-63FF6229055A}.Debug|Any CPU.Build.0 = Debug|Any CPU
		{493C908C-8A6F-430F-ACB3-63FF6229055A}.Release|Any CPU.ActiveCfg = Release|Any CPU
		{493C908C-8A6F-430F-ACB3-63FF6229055A}.Release|Any CPU.Build.0 = Release|Any CPU
	EndGlobalSection
	GlobalSection(SolutionProperties) = preSolution
		HideSolutionNode = FALSE
	EndGlobalSection
	GlobalSection(ExtensibilityGlobals) = postSolution
		SolutionGuid = {0BB56982-E94E-44F0-993C-B4ADFB97D29B}
	EndGlobalSection
EndGlobal
